
Microsoft Visual Studio Solution File, Format Version 11.00
# Visual Studio 2010
Project("{FAE04EC0-301F-11D3-BF4B-00C04F79EFBC}") = "Garble.Android", "Garble.Android\Garble.Android.csproj", "{24A19D68-4255-4B4C-9765-81A33EB84F20}"
EndProject
Global
	GlobalSection(SolutionConfigurationPlatforms) = preSolution
		Debug|Any CPU = Debug|Any CPU
		Release|Any CPU = Release|Any CPU
	EndGlobalSection
	GlobalSection(ProjectConfigurationPlatforms) = postSolution
		{24A19D68-4255-4B4C-9765-81A33EB84F20}.Debug|Any CPU.ActiveCfg = Debug|Any CPU
		{24A19D68-4255-4B4C-9765-81A33EB84F20}.Debug|Any CPU.Build.0 = Debug|Any CPU
		{24A19D68-4255-4B4C-9765-81A33EB84F20}.Release|Any CPU.ActiveCfg = Release|Any CPU
		{24A19D68-4255-4B4C-9765-81A33EB84F20}.Release|Any CPU.Build.0 = Release|Any CPU
	EndGlobalSection
	GlobalSection(MonoDevelopProperties) = preSolution
		StartupItem = Garble.Android\Garble.Android.csproj
	EndGlobalSection
EndGlobal
